
Microsoft Visual Studio Solution File, Format Version 12.00
# Visual Studio Version 17
VisualStudioVersion = 17.1.31903.286
MinimumVisualStudioVersion = 10.0.40219.1
Project("{FAE04EC0-301F-11D3-BF4B-00C04F79EFBC}") = "FaceChecker", "FaceChecker\FaceChecker.csproj", "{8015D4EF-65C9-4A06-A524-0FD2A0E62143}"
EndProject
Global
	GlobalSection(SolutionConfigurationPlatforms) = preSolution
		Debug|Any CPU = Debug|Any CPU
		Release|Any CPU = Release|Any CPU
	EndGlobalSection
	GlobalSection(ProjectConfigurationPlatforms) = postSolution
		{8015D4EF-65C9-4A06-A524-0FD2A0E62143}.Debug|Any CPU.ActiveCfg = Debug|Any CPU
		{8015D4EF-65C9-4A06-A524-0FD2A0E62143}.Debug|Any CPU.Build.0 = Debug|Any CPU
		{8015D4EF-65C9-4A06-A524-0FD2A0E62143}.Release|Any CPU.ActiveCfg = Release|Any CPU
		{8015D4EF-65C9-4A06-A524-0FD2A0E62143}.Release|Any CPU.Build.0 = Release|Any CPU
	EndGlobalSection
	GlobalSection(SolutionProperties) = preSolution
		HideSolutionNode = FALSE
	EndGlobalSection
	GlobalSection(ExtensibilityGlobals) = postSolution
		SolutionGuid = {F2D5DF14-64A8-43D0-B9CD-460696C6C8C1}
	EndGlobalSection
EndGlobal
